
Microsoft Visual Studio Solution File, Format Version 12.00
# Visual Studio Version 17
VisualStudioVersion = 17.14.37012.4 d17.14
MinimumVisualStudioVersion = 10.0.40219.1
Project("{FAE04EC0-301F-11D3-BF4B-00C04F79EFBC}") = "PraktikumADO", "PraktikumADO\PraktikumADO.csproj", "{89F92010-31AF-4287-BBA1-2BB8DC9DFC3A}"
EndProject
Global
	GlobalSection(SolutionConfigurationPlatforms) = preSolution
		Debug|Any CPU = Debug|Any CPU
		Release|Any CPU = Release|Any CPU
	EndGlobalSection
	GlobalSection(ProjectConfigurationPlatforms) = postSolution
		{89F92010-31AF-4287-BBA1-2BB8DC9DFC3A}.Debug|Any CPU.ActiveCfg = Debug|Any CPU
		{89F92010-31AF-4287-BBA1-2BB8DC9DFC3A}.Debug|Any CPU.Build.0 = Debug|Any CPU
		{89F92010-31AF-4287-BBA1-2BB8DC9DFC3A}.Release|Any CPU.ActiveCfg = Release|Any CPU
		{89F92010-31AF-4287-BBA1-2BB8DC9DFC3A}.Release|Any CPU.Build.0 = Release|Any CPU
	EndGlobalSection
	GlobalSection(SolutionProperties) = preSolution
		HideSolutionNode = FALSE
	EndGlobalSection
	GlobalSection(ExtensibilityGlobals) = postSolution
		SolutionGuid = {4C0C4548-EBB7-4188-A52A-22F25746E0A8}
	EndGlobalSection
EndGlobal
